PODS:
  - Fabric (1.6.11)
  - TTTAttributedLabel (2.0.0)
  - TwitterCore (2.8.0):
    - Fabric
  - TwitterKit (2.8.0):
    - TwitterCore (= 2.8.0)

DEPENDENCIES:
  - Fabric
  - TTTAttributedLabel
  - TwitterKit (~> 2.8)

SPEC CHECKSUMS:
  Fabric: 5911403591946b8228ab1c51d98f1d7137e863c6
  TTTAttributedLabel: 8cffe8e127e4e82ff3af1e5386d4cd0ad000b656
  TwitterCore: e959987be23c767004d29eb7fab8d85d8585a2e5
  TwitterKit: f7b0a1adcb800f6446ff0ef70164797376522ff3

PODFILE CHECKSUM: d4bfd3018824cb2dbf7842a6ae5ce86c08b265cd

COCOAPODS: 1.2.0
